<?xml version="1.0" encoding="utf-8"?>
<Project ToolsVersion="4.0" xmlns="http://schemas.microsoft.com/developer/msbuild/2003">
  <ItemGroup>
    <Filter Include="소스 파일">
      <UniqueIdentifier>{4FC737F1-C7A5-4376-A066-2A32D752A2FF}</UniqueIdentifier>
      <Extensions>cpp;c;cc;cxx;def;odl;idl;hpj;bat;asm;asmx</Extensions>
    </Filter>
    <Filter Include="헤더 파일">
      <UniqueIdentifier>{93995380-89BD-4b04-88EB-625FBE52EBFB}</UniqueIdentifier>
      <Extensions>h;hh;hpp;hxx;hm;inl;inc;xsd</Extensions>
    </Filter>
    <Filter Include="리소스 파일">
      <UniqueIdentifier>{67DA6AB6-F800-4c08-8B7A-83BB121AAD01}</UniqueIdentifier>
      <Extensions>rc;ico;cur;bmp;dlg;rc2;rct;bin;rgs;gif;jpg;jpeg;jpe;resx;tiff;tif;png;wav;mfcribbon-ms</Extensions>
    </Filter>
    <Filter Include="소스 파일\connection">
      <UniqueIdentifier>{646a518b-f376-4352-af77-31f5527718bb}</UniqueIdentifier>
    </Filter>
    <Filter Include="소스 파일\threadpool">
      <UniqueIdentifier>{b83b7a84-7b6d-4092-8b6b-9f1440f5ad7a}</UniqueIdentifier>
    </Filter>
    <Filter Include="헤더 파일\connection">
      <UniqueIdentifier>{e210a48e-b7e9-4244-8631-23ecc126a02c}</UniqueIdentifier>
    </Filter>
    <Filter Include="소스 파일\packet">
      <UniqueIdentifier>{13272d0b-fcc8-49aa-bb21-4ab7090917b9}</UniqueIdentifier>
    </Filter>
    <Filter Include="소스 파일\manage">
      <UniqueIdentifier>{2bc5525d-be7f-4026-84ef-737951deb23e}</UniqueIdentifier>
    </Filter>
    <Filter Include="헤더 파일\manage">
      <UniqueIdentifier>{9689c1f3-f77b-4e6e-88d3-8170c7628029}</UniqueIdentifier>
    </Filter>
    <Filter Include="헤더 파일\packet">
      <UniqueIdentifier>{b7f07faf-ceae-4a0a-ae4d-58ba9c28b39d}</UniqueIdentifier>
    </Filter>
    <Filter Include="헤더 파일\Util">
      <UniqueIdentifier>{39a4f259-ff9d-4051-af8e-e309aa67e60d}</UniqueIdentifier>
    </Filter>
    <Filter Include="소스 파일\logic">
      <UniqueIdentifier>{1422125f-a6a3-41e9-9ebe-f475b777c69b}</UniqueIdentifier>
    </Filter>
    <Filter Include="헤더 파일\logic">
      <UniqueIdentifier>{5c51d6a1-92b6-45dd-a85d-7ee2e252bc15}</UniqueIdentifier>
    </Filter>
    <Filter Include="헤더 파일\db">
      <UniqueIdentifier>{cd140ccb-20eb-4d7f-9dc9-f27c569a8bd0}</UniqueIdentifier>
    </Filter>
    <Filter Include="소스 파일\db">
      <UniqueIdentifier>{afa8ab42-61cc-4ce4-bc8f-138374109b7b}</UniqueIdentifier>
    </Filter>
    <Filter Include="소스 파일\util">
      <UniqueIdentifier>{0759f3f3-73ee-4a70-9b3b-89fe39e83e9a}</UniqueIdentifier>
    </Filter>
  </ItemGroup>
  <ItemGroup>
    <ClCompile Include="game_room.cpp">
      <Filter>소스 파일\connection</Filter>
    </ClCompile>
    <ClCompile Include="main.cpp">
      <Filter>소스 파일</Filter>
    </ClCompile>
    <ClCompile Include="manage_server.cpp">
      <Filter>소스 파일\manage</Filter>
    </ClCompile>
    <ClCompile Include="game_logic.cpp">
      <Filter>소스 파일\logic</Filter>
    </ClCompile>
    <ClCompile Include="packet_parser.cpp">
      <Filter>소스 파일\packet</Filter>
    </ClCompile>
    <ClCompile Include="dbmanage.cpp">
      <Filter>소스 파일\db</Filter>
    </ClCompile>
    <ClCompile Include="sqlite3.c">
      <Filter>소스 파일\db</Filter>
    </ClCompile>
    <ClCompile Include="sqlite_modern_cpp.cpp">
      <Filter>소스 파일\db</Filter>
    </ClCompile>
    <ClCompile Include="Logger.cpp">
      <Filter>소스 파일\manage</Filter>
    </ClCompile>
    <ClCompile Include="utils.cpp">
      <Filter>소스 파일\util</Filter>
    </ClCompile>
    <ClCompile Include="server_logic.cpp">
      <Filter>소스 파일\logic</Filter>
    </ClCompile>
  </ItemGroup>
  <ItemGroup>
    <ClInclude Include="game_room.h">
      <Filter>헤더 파일\connection</Filter>
    </ClInclude>
    <ClInclude Include="ThreadPool.h">
      <Filter>소스 파일\threadpool</Filter>
    </ClInclude>
    <ClInclude Include="manage_server.h">
      <Filter>헤더 파일\manage</Filter>
    </ClInclude>
    <ClInclude Include="packet_structure.h">
      <Filter>헤더 파일\packet</Filter>
    </ClInclude>
    <ClInclude Include="singleton.hpp">
      <Filter>헤더 파일\Util</Filter>
    </ClInclude>
    <ClInclude Include="packet_events.h">
      <Filter>헤더 파일\packet</Filter>
    </ClInclude>
    <ClInclude Include="packet.h">
      <Filter>헤더 파일\packet</Filter>
    </ClInclude>
    <ClInclude Include="game_logic.h">
      <Filter>헤더 파일\logic</Filter>
    </ClInclude>
    <ClInclude Include="packet_parser.hpp">
      <Filter>헤더 파일\packet</Filter>
    </ClInclude>
    <ClInclude Include="dbmanage.h">
      <Filter>헤더 파일\db</Filter>
    </ClInclude>
    <ClInclude Include="DbSet.h">
      <Filter>헤더 파일\db</Filter>
    </ClInclude>
    <ClInclude Include="sqlite3.h">
      <Filter>헤더 파일\db</Filter>
    </ClInclude>
    <ClInclude Include="sqlite3ext.h">
      <Filter>헤더 파일\db</Filter>
    </ClInclude>
    <ClInclude Include="..\sqlite_modern_cpp.h">
      <Filter>헤더 파일\db</Filter>
    </ClInclude>
    <ClInclude Include="Logger.h">
      <Filter>헤더 파일\manage</Filter>
    </ClInclude>
    <ClInclude Include="utils.h">
      <Filter>헤더 파일\Util</Filter>
    </ClInclude>
    <ClInclude Include="server_logic.h">
      <Filter>헤더 파일\logic</Filter>
    </ClInclude>
  </ItemGroup>
  <ItemGroup>
    <None Include="ClassDiagram.cd" />
  </ItemGroup>
</Project>