<?xml version="1.0" encoding="utf-8"?>
<Project ToolsVersion="4.0" xmlns="http://schemas.microsoft.com/developer/msbuild/2003">
  <ItemGroup>
    <Filter Include="소스 파일">
      <UniqueIdentifier>{4FC737F1-C7A5-4376-A066-2A32D752A2FF}</UniqueIdentifier>
      <Extensions>cpp;c;cc;cxx;def;odl;idl;hpj;bat;asm;asmx</Extensions>
    </Filter>
    <Filter Include="헤더 파일">
      <UniqueIdentifier>{93995380-89BD-4b04-88EB-625FBE52EBFB}</UniqueIdentifier>
      <Extensions>h;hh;hpp;hxx;hm;inl;inc;xsd</Extensions>
    </Filter>
    <Filter Include="리소스 파일">
      <UniqueIdentifier>{67DA6AB6-F800-4c08-8B7A-83BB121AAD01}</UniqueIdentifier>
      <Extensions>rc;ico;cur;bmp;dlg;rc2;rct;bin;rgs;gif;jpg;jpeg;jpe;resx;tiff;tif;png;wav;mfcribbon-ms</Extensions>
    </Filter>
    <Filter Include="소스 파일\connection">
      <UniqueIdentifier>{646a518b-f376-4352-af77-31f5527718bb}</UniqueIdentifier>
    </Filter>
    <Filter Include="소스 파일\threadpool">
      <UniqueIdentifier>{b83b7a84-7b6d-4092-8b6b-9f1440f5ad7a}</UniqueIdentifier>
    </Filter>
    <Filter Include="헤더 파일\connection">
      <UniqueIdentifier>{e210a48e-b7e9-4244-8631-23ecc126a02c}</UniqueIdentifier>
    </Filter>
    <Filter Include="소스 파일\test_packet">
      <UniqueIdentifier>{e3628f8b-02ff-404d-a443-f3bdfeab52c7}</UniqueIdentifier>
    </Filter>
  </ItemGroup>
  <ItemGroup>
    <ClCompile Include="manage_server.cpp">
      <Filter>소스 파일\connection</Filter>
    </ClCompile>
    <ClCompile Include="game_room.cpp">
      <Filter>소스 파일\connection</Filter>
    </ClCompile>
    <ClCompile Include="game_session.cpp">
      <Filter>소스 파일\connection</Filter>
    </ClCompile>
    <ClCompile Include="main.cpp">
      <Filter>소스 파일</Filter>
    </ClCompile>
    <ClCompile Include="test_packet.hpp">
      <Filter>소스 파일\test_packet</Filter>
    </ClCompile>
  </ItemGroup>
  <ItemGroup>
    <ClInclude Include="game_room.h">
      <Filter>헤더 파일\connection</Filter>
    </ClInclude>
    <ClInclude Include="game_session.h">
      <Filter>헤더 파일\connection</Filter>
    </ClInclude>
    <ClInclude Include="manage_server.h">
      <Filter>헤더 파일\connection</Filter>
    </ClInclude>
    <ClInclude Include="ThreadPool.h">
      <Filter>소스 파일\threadpool</Filter>
    </ClInclude>
  </ItemGroup>
</Project>