<?xml version="1.0" encoding="utf-8"?>
<Project ToolsVersion="4.0" xmlns="http://schemas.microsoft.com/developer/msbuild/2003">
  <ItemGroup>
    <Filter Include="소스 파일">
      <UniqueIdentifier>{4FC737F1-C7A5-4376-A066-2A32D752A2FF}</UniqueIdentifier>
      <Extensions>cpp;c;cc;cxx;def;odl;idl;hpj;bat;asm;asmx</Extensions>
    </Filter>
    <Filter Include="헤더 파일">
      <UniqueIdentifier>{93995380-89BD-4b04-88EB-625FBE52EBFB}</UniqueIdentifier>
      <Extensions>h;hh;hpp;hxx;hm;inl;inc;xsd</Extensions>
    </Filter>
    <Filter Include="리소스 파일">
      <UniqueIdentifier>{67DA6AB6-F800-4c08-8B7A-83BB121AAD01}</UniqueIdentifier>
      <Extensions>rc;ico;cur;bmp;dlg;rc2;rct;bin;rgs;gif;jpg;jpeg;jpe;resx;tiff;tif;png;wav;mfcribbon-ms</Extensions>
    </Filter>
    <Filter Include="헤더 파일\packet">
      <UniqueIdentifier>{a023ca30-6f52-43ef-ac0b-b994575ab86a}</UniqueIdentifier>
    </Filter>
    <Filter Include="소스 파일\packet">
      <UniqueIdentifier>{667426db-5a86-4082-92cb-53aec89a06a0}</UniqueIdentifier>
    </Filter>
    <Filter Include="헤더 파일\login">
      <UniqueIdentifier>{bc11a6f3-5f89-4c5d-bb79-67f2f9e2a27c}</UniqueIdentifier>
    </Filter>
    <Filter Include="소스 파일\login">
      <UniqueIdentifier>{261e0f6d-6c5f-41c9-bdda-4723d3b6235a}</UniqueIdentifier>
    </Filter>
  </ItemGroup>
  <ItemGroup>
    <ClInclude Include="packet\packet.h">
      <Filter>헤더 파일\packet</Filter>
    </ClInclude>
    <ClInclude Include="packet\packet_events.h">
      <Filter>헤더 파일\packet</Filter>
    </ClInclude>
    <ClInclude Include="packet\packet_parser.h">
      <Filter>헤더 파일\packet</Filter>
    </ClInclude>
    <ClInclude Include="packet\packet_structure.h">
      <Filter>헤더 파일\packet</Filter>
    </ClInclude>
    <ClInclude Include="client.h">
      <Filter>소스 파일\packet</Filter>
    </ClInclude>
    <ClInclude Include="login.h">
      <Filter>헤더 파일\login</Filter>
    </ClInclude>
    <ClInclude Include="base64.h">
      <Filter>헤더 파일\login</Filter>
    </ClInclude>
    <ClInclude Include="sha256.h">
      <Filter>헤더 파일\login</Filter>
    </ClInclude>
  </ItemGroup>
  <ItemGroup>
    <ClCompile Include="client.cpp">
      <Filter>소스 파일</Filter>
    </ClCompile>
    <ClCompile Include="main.cpp">
      <Filter>소스 파일</Filter>
    </ClCompile>
    <ClCompile Include="packet\packet_parser.cpp">
      <Filter>소스 파일\packet</Filter>
    </ClCompile>
    <ClCompile Include="login.cpp">
      <Filter>소스 파일\login</Filter>
    </ClCompile>
    <ClCompile Include="base64.cpp">
      <Filter>소스 파일\login</Filter>
    </ClCompile>
  </ItemGroup>
  <ItemGroup>
    <None Include="ClassDiagram.cd" />
  </ItemGroup>
</Project>