
Microsoft Visual Studio Solution File, Format Version 12.00
# Visual Studio 14
VisualStudioVersion = 14.0.22823.1
MinimumVisualStudioVersion = 10.0.40219.1
Project("{8BC9CEB8-8B4A-11D0-8D11-00A0C91BC942}") = "digital_content_game", "digital_content_game\digital_content_game.vcxproj", "{55BE815C-865A-4626-B041-C4EEE225AD83}"
EndProject
Project("{8BC9CEB8-8B4A-11D0-8D11-00A0C91BC942}") = "UnitTest1", "UnitTest1\UnitTest1.vcxproj", "{5DFD4272-7B71-428D-ABD4-F23BC125A594}"
EndProject
Project("{8BC9CEB8-8B4A-11D0-8D11-00A0C91BC942}") = "DummyClient", "DummyClient\DummyClient.vcxproj", "{1A023C0F-ECF3-4EE4-8579-C589DA88CCEA}"
EndProject
Project("{2150E333-8FDC-42A3-9474-1A3956D46DE8}") = "Solution Items", "Solution Items", "{932D2DEC-A073-48CA-B37C-FE24C1D21768}"
	ProjectSection(SolutionItems) = preProject
		..\LoginServer\main.go = ..\LoginServer\main.go
	EndProjectSection
EndProject
Global
	GlobalSection(SolutionConfigurationPlatforms) = preSolution
		Debug|x86 = Debug|x86
		Release|x86 = Release|x86
	EndGlobalSection
	GlobalSection(ProjectConfigurationPlatforms) = postSolution
		{55BE815C-865A-4626-B041-C4EEE225AD83}.Debug|x86.ActiveCfg = Debug|Win32
		{55BE815C-865A-4626-B041-C4EEE225AD83}.Debug|x86.Build.0 = Debug|Win32
		{55BE815C-865A-4626-B041-C4EEE225AD83}.Release|x86.ActiveCfg = Release|Win32
		{55BE815C-865A-4626-B041-C4EEE225AD83}.Release|x86.Build.0 = Release|Win32
		{5DFD4272-7B71-428D-ABD4-F23BC125A594}.Debug|x86.ActiveCfg = Debug|Win32
		{5DFD4272-7B71-428D-ABD4-F23BC125A594}.Debug|x86.Build.0 = Debug|Win32
		{5DFD4272-7B71-428D-ABD4-F23BC125A594}.Release|x86.ActiveCfg = Release|Win32
		{5DFD4272-7B71-428D-ABD4-F23BC125A594}.Release|x86.Build.0 = Release|Win32
		{1A023C0F-ECF3-4EE4-8579-C589DA88CCEA}.Debug|x86.ActiveCfg = Debug|Win32
		{1A023C0F-ECF3-4EE4-8579-C589DA88CCEA}.Debug|x86.Build.0 = Debug|Win32
		{1A023C0F-ECF3-4EE4-8579-C589DA88CCEA}.Release|x86.ActiveCfg = Release|Win32
		{1A023C0F-ECF3-4EE4-8579-C589DA88CCEA}.Release|x86.Build.0 = Release|Win32
	EndGlobalSection
	GlobalSection(SolutionProperties) = preSolution
		HideSolutionNode = FALSE
	EndGlobalSection
EndGlobal
